
Microsoft Visual Studio Solution File, Format Version 12.00
# Visual Studio 2013
VisualStudioVersion = 12.0.31101.0
MinimumVisualStudioVersion = 10.0.40219.1
Project("{FAE04EC0-301F-11D3-BF4B-00C04F79EFBC}") = "Swing", "Swing\Swing.csproj", "{DCFEA911-CD43-41E5-B651-0F2BE8818BA9}"
EndProject
Project("{2150E333-8FDC-42A3-9474-1A3956D46DE8}") = "Solution Items", "Solution Items", "{EDE2FDBA-B8C0-4F2F-AC59-6997A5D25F14}"
	ProjectSection(SolutionItems) = preProject
		.gitattributes = .gitattributes
		.gitignore = .gitignore
		Readme.md = Readme.md
	EndProjectSection
EndProject
Project("{FAE04EC0-301F-11D3-BF4B-00C04F79EFBC}") = "Swing.ConsoleTest", "Swing.ConsoleTest\Swing.ConsoleTest.csproj", "{6870E5A4-F414-4988-9C40-2F20AD27911B}"
EndProject
Global
	GlobalSection(SolutionConfigurationPlatforms) = preSolution
		Debug|Any CPU = Debug|Any CPU
		Release|Any CPU = Release|Any CPU
	EndGlobalSection
	GlobalSection(ProjectConfigurationPlatforms) = postSolution
		{DCFEA911-CD43-41E5-B651-0F2BE8818BA9}.Debug|Any CPU.ActiveCfg = Debug|Any CPU
		{DCFEA911-CD43-41E5-B651-0F2BE8818BA9}.Debug|Any CPU.Build.0 = Debug|Any CPU
		{DCFEA911-CD43-41E5-B651-0F2BE8818BA9}.Release|Any CPU.ActiveCfg = Release|Any CPU
		{DCFEA911-CD43-41E5-B651-0F2BE8818BA9}.Release|Any CPU.Build.0 = Release|Any CPU
		{6870E5A4-F414-4988-9C40-2F20AD27911B}.Debug|Any CPU.ActiveCfg = Debug|Any CPU
		{6870E5A4-F414-4988-9C40-2F20AD27911B}.Debug|Any CPU.Build.0 = Debug|Any CPU
		{6870E5A4-F414-4988-9C40-2F20AD27911B}.Release|Any CPU.ActiveCfg = Release|Any CPU
		{6870E5A4-F414-4988-9C40-2F20AD27911B}.Release|Any CPU.Build.0 = Release|Any CPU
	EndGlobalSection
	GlobalSection(SolutionProperties) = preSolution
		HideSolutionNode = FALSE
	EndGlobalSection
EndGlobal
